// !$*UTF8*$!
{
	archiveVersion = 1;
	classes = {
	};
	objectVersion = 56;
	objects = {

/* Begin PBXBuildFile section */
		F12010F22B9A2417002F0566 /* AppDelegate.swift in Sources */ = {isa = PBXBuildFile; fileRef = F12010F12B9A2417002F0566 /* AppDelegate.swift */; };
		F12010F42B9A2417002F0566 /* SceneDelegate.swift in Sources */ = {isa = PBXBuildFile; fileRef = F12010F32B9A2417002F0566 /* SceneDelegate.swift */; };
		F12010F62B9A2417002F0566 /* LoginViewController.swift in Sources */ = {isa = PBXBuildFile; fileRef = F12010F52B9A2417002F0566 /* LoginViewController.swift */; };
		F12010FB2B9A2418002F0566 /* Assets.xcassets in Resources */ = {isa = PBXBuildFile; fileRef = F12010FA2B9A2418002F0566 /* Assets.xcassets */; };
		F12010FE2B9A2418002F0566 /* LaunchScreen.storyboard in Resources */ = {isa = PBXBuildFile; fileRef = F12010FC2B9A2418002F0566 /* LaunchScreen.storyboard */; };
		F12011082B9A58CF002F0566 /* LoginView.swift in Sources */ = {isa = PBXBuildFile; fileRef = F12011072B9A58CF002F0566 /* LoginView.swift */; };
		F120110B2B9A6A24002F0566 /* SnapKit in Frameworks */ = {isa = PBXBuildFile; productRef = F120110A2B9A6A24002F0566 /* SnapKit */; };
		F120110D2B9A6A24002F0566 /* SnapKit-Dynamic in Frameworks */ = {isa = PBXBuildFile; productRef = F120110C2B9A6A24002F0566 /* SnapKit-Dynamic */; };
		F12011162B9A979C002F0566 /* MPLUS1p-Medium.ttf in Resources */ = {isa = PBXBuildFile; fileRef = F120110F2B9A979B002F0566 /* MPLUS1p-Medium.ttf */; };
		F12011172B9A979C002F0566 /* MPLUS1p-Black.ttf in Resources */ = {isa = PBXBuildFile; fileRef = F12011102B9A979B002F0566 /* MPLUS1p-Black.ttf */; };
		F12011192B9A979C002F0566 /* MPLUS1p-Regular.ttf in Resources */ = {isa = PBXBuildFile; fileRef = F12011122B9A979C002F0566 /* MPLUS1p-Regular.ttf */; };
		F16DFE012BA5D09900C7EC55 /* LoginModel.swift in Sources */ = {isa = PBXBuildFile; fileRef = F16DFE002BA5D09900C7EC55 /* LoginModel.swift */; };
		F174998F2BA70ABD00A7078A /* LoginViewModel.swift in Sources */ = {isa = PBXBuildFile; fileRef = F174998E2BA70ABD00A7078A /* LoginViewModel.swift */; };
		F17499922BA70C2A00A7078A /* SplashViewController.swift in Sources */ = {isa = PBXBuildFile; fileRef = F17499912BA70C2A00A7078A /* SplashViewController.swift */; };
		F17499942BA70E6200A7078A /* SplashView.swift in Sources */ = {isa = PBXBuildFile; fileRef = F17499932BA70E6200A7078A /* SplashView.swift */; };
		F17499972BAB450400A7078A /* EntryViewController.swift in Sources */ = {isa = PBXBuildFile; fileRef = F17499962BAB450400A7078A /* EntryViewController.swift */; };
		F17499992BAB91D900A7078A /* EntryView.swift in Sources */ = {isa = PBXBuildFile; fileRef = F17499982BAB91D900A7078A /* EntryView.swift */; };
		F174E2302B9D07DA00C185B1 /* NotificationView.swift in Sources */ = {isa = PBXBuildFile; fileRef = F174E22F2B9D07DA00C185B1 /* NotificationView.swift */; };
		F18B16272B9DCA9900575015 /* SecurityButton.swift in Sources */ = {isa = PBXBuildFile; fileRef = F18B16262B9DCA9900575015 /* SecurityButton.swift */; };
		F18B162C2B9DD1E000575015 /* RegistrationViewController.swift in Sources */ = {isa = PBXBuildFile; fileRef = F18B162B2B9DD1E000575015 /* RegistrationViewController.swift */; };
		F18B162E2B9DDE8300575015 /* RegistrationView.swift in Sources */ = {isa = PBXBuildFile; fileRef = F18B162D2B9DDE8300575015 /* RegistrationView.swift */; };
		F18B16332B9FE8ED00575015 /* EmailViewController.swift in Sources */ = {isa = PBXBuildFile; fileRef = F18B16322B9FE8ED00575015 /* EmailViewController.swift */; };
		F18B16352B9FE90400575015 /* EmailView.swift in Sources */ = {isa = PBXBuildFile; fileRef = F18B16342B9FE90400575015 /* EmailView.swift */; };
		F18B16382BA0BC8E00575015 /* NetworkLayer.swift in Sources */ = {isa = PBXBuildFile; fileRef = F18B16372BA0BC8E00575015 /* NetworkLayer.swift */; };
		F18B163B2BA0C5BB00575015 /* RegistrationModel.swift in Sources */ = {isa = PBXBuildFile; fileRef = F18B163A2BA0C5BB00575015 /* RegistrationModel.swift */; };
		F18B163D2BA0C63700575015 /* AuthenticationResponse.swift in Sources */ = {isa = PBXBuildFile; fileRef = F18B163C2BA0C63700575015 /* AuthenticationResponse.swift */; };
		F18B163F2BA34C7000575015 /* RegistrationViewModel.swift in Sources */ = {isa = PBXBuildFile; fileRef = F18B163E2BA34C7000575015 /* RegistrationViewModel.swift */; };
/* End PBXBuildFile section */

/* Begin PBXFileReference section */
		F12010EE2B9A2417002F0566 /* Neobis_iOS_Auth.app */ = {isa = PBXFileReference; explicitFileType = wrapper.application; includeInIndex = 0; path = Neobis_iOS_Auth.app; sourceTree = BUILT_PRODUCTS_DIR; };
		F12010F12B9A2417002F0566 /* AppDelegate.swift */ = {isa = PBXFileReference; lastKnownFileType = sourcecode.swift; path = AppDelegate.swift; sourceTree = "<group>"; };
		F12010F32B9A2417002F0566 /* SceneDelegate.swift */ = {isa = PBXFileReference; lastKnownFileType = sourcecode.swift; path = SceneDelegate.swift; sourceTree = "<group>"; };
		F12010F52B9A2417002F0566 /* LoginViewController.swift */ = {isa = PBXFileReference; lastKnownFileType = sourcecode.swift; path = LoginViewController.swift; sourceTree = "<group>"; };
		F12010FA2B9A2418002F0566 /* Assets.xcassets */ = {isa = PBXFileReference; lastKnownFileType = folder.assetcatalog; path = Assets.xcassets; sourceTree = "<group>"; };
		F12010FD2B9A2418002F0566 /* Base */ = {isa = PBXFileReference; lastKnownFileType = file.storyboard; name = Base; path = Base.lproj/LaunchScreen.storyboard; sourceTree = "<group>"; };
		F12010FF2B9A2418002F0566 /* Info.plist */ = {isa = PBXFileReference; lastKnownFileType = text.plist.xml; path = Info.plist; sourceTree = "<group>"; };
		F12011072B9A58CF002F0566 /* LoginView.swift */ = {isa = PBXFileReference; lastKnownFileType = sourcecode.swift; path = LoginView.swift; sourceTree = "<group>"; };
		F120110F2B9A979B002F0566 /* MPLUS1p-Medium.ttf */ = {isa = PBXFileReference; lastKnownFileType = file; path = "MPLUS1p-Medium.ttf"; sourceTree = "<group>"; };
		F12011102B9A979B002F0566 /* MPLUS1p-Black.ttf */ = {isa = PBXFileReference; lastKnownFileType = file; path = "MPLUS1p-Black.ttf"; sourceTree = "<group>"; };
		F12011122B9A979C002F0566 /* MPLUS1p-Regular.ttf */ = {isa = PBXFileReference; lastKnownFileType = file; path = "MPLUS1p-Regular.ttf"; sourceTree = "<group>"; };
		F16DFE002BA5D09900C7EC55 /* LoginModel.swift */ = {isa = PBXFileReference; lastKnownFileType = sourcecode.swift; path = LoginModel.swift; sourceTree = "<group>"; };
		F174998E2BA70ABD00A7078A /* LoginViewModel.swift */ = {isa = PBXFileReference; lastKnownFileType = sourcecode.swift; path = LoginViewModel.swift; sourceTree = "<group>"; };
		F17499912BA70C2A00A7078A /* SplashViewController.swift */ = {isa = PBXFileReference; lastKnownFileType = sourcecode.swift; path = SplashViewController.swift; sourceTree = "<group>"; };
		F17499932BA70E6200A7078A /* SplashView.swift */ = {isa = PBXFileReference; lastKnownFileType = sourcecode.swift; path = SplashView.swift; sourceTree = "<group>"; };
		F17499962BAB450400A7078A /* EntryViewController.swift */ = {isa = PBXFileReference; lastKnownFileType = sourcecode.swift; path = EntryViewController.swift; sourceTree = "<group>"; };
		F17499982BAB91D900A7078A /* EntryView.swift */ = {isa = PBXFileReference; lastKnownFileType = sourcecode.swift; path = EntryView.swift; sourceTree = "<group>"; };
		F174E22F2B9D07DA00C185B1 /* NotificationView.swift */ = {isa = PBXFileReference; lastKnownFileType = sourcecode.swift; path = NotificationView.swift; sourceTree = "<group>"; };
		F18B16262B9DCA9900575015 /* SecurityButton.swift */ = {isa = PBXFileReference; lastKnownFileType = sourcecode.swift; path = SecurityButton.swift; sourceTree = "<group>"; };
		F18B162B2B9DD1E000575015 /* RegistrationViewController.swift */ = {isa = PBXFileReference; lastKnownFileType = sourcecode.swift; path = RegistrationViewController.swift; sourceTree = "<group>"; };
		F18B162D2B9DDE8300575015 /* RegistrationView.swift */ = {isa = PBXFileReference; lastKnownFileType = sourcecode.swift; path = RegistrationView.swift; sourceTree = "<group>"; };
		F18B16322B9FE8ED00575015 /* EmailViewController.swift */ = {isa = PBXFileReference; lastKnownFileType = sourcecode.swift; path = EmailViewController.swift; sourceTree = "<group>"; };
		F18B16342B9FE90400575015 /* EmailView.swift */ = {isa = PBXFileReference; lastKnownFileType = sourcecode.swift; path = EmailView.swift; sourceTree = "<group>"; };
		F18B16372BA0BC8E00575015 /* NetworkLayer.swift */ = {isa = PBXFileReference; lastKnownFileType = sourcecode.swift; path = NetworkLayer.swift; sourceTree = "<group>"; };
		F18B163A2BA0C5BB00575015 /* RegistrationModel.swift */ = {isa = PBXFileReference; lastKnownFileType = sourcecode.swift; path = RegistrationModel.swift; sourceTree = "<group>"; };
		F18B163C2BA0C63700575015 /* AuthenticationResponse.swift */ = {isa = PBXFileReference; lastKnownFileType = sourcecode.swift; path = AuthenticationResponse.swift; sourceTree = "<group>"; };
		F18B163E2BA34C7000575015 /* RegistrationViewModel.swift */ = {isa = PBXFileReference; lastKnownFileType = sourcecode.swift; path = RegistrationViewModel.swift; sourceTree = "<group>"; };
/* End PBXFileReference section */

/* Begin PBXFrameworksBuildPhase section */
		F12010EB2B9A2417002F0566 /* Frameworks */ = {
			isa = PBXFrameworksBuildPhase;
			buildActionMask = 2147483647;
			files = (
				F120110B2B9A6A24002F0566 /* SnapKit in Frameworks */,
				F120110D2B9A6A24002F0566 /* SnapKit-Dynamic in Frameworks */,
			);
			runOnlyForDeploymentPostprocessing = 0;
		};
/* End PBXFrameworksBuildPhase section */

/* Begin PBXGroup section */
		F12010E52B9A2417002F0566 = {
			isa = PBXGroup;
			children = (
				F12010F02B9A2417002F0566 /* Neobis_iOS_Auth */,
				F12010EF2B9A2417002F0566 /* Products */,
			);
			sourceTree = "<group>";
		};
		F12010EF2B9A2417002F0566 /* Products */ = {
			isa = PBXGroup;
			children = (
				F12010EE2B9A2417002F0566 /* Neobis_iOS_Auth.app */,
			);
			name = Products;
			sourceTree = "<group>";
		};
		F12010F02B9A2417002F0566 /* Neobis_iOS_Auth */ = {
			isa = PBXGroup;
			children = (
				F17499952BAB44D300A7078A /* Entry */,
				F17499902BA70C0400A7078A /* Splash */,
				F18B162F2B9FE88000575015 /* Extra things */,
				F120110E2B9A9788002F0566 /* Fonts */,
				F18B16392BA0C5B000575015 /* Model */,
				F18B16362BA0BC7F00575015 /* NetworkLayer */,
				F18B16302B9FE89D00575015 /* Email */,
				F18B162A2B9DD1B800575015 /* Registration */,
				F12011052B9A253B002F0566 /* Login */,
				F12010F12B9A2417002F0566 /* AppDelegate.swift */,
				F12010F32B9A2417002F0566 /* SceneDelegate.swift */,
				F12010FA2B9A2418002F0566 /* Assets.xcassets */,
				F12010FC2B9A2418002F0566 /* LaunchScreen.storyboard */,
				F12010FF2B9A2418002F0566 /* Info.plist */,
			);
			path = Neobis_iOS_Auth;
			sourceTree = "<group>";
		};
		F12011052B9A253B002F0566 /* Login */ = {
			isa = PBXGroup;
			children = (
				F12010F52B9A2417002F0566 /* LoginViewController.swift */,
				F12011072B9A58CF002F0566 /* LoginView.swift */,
				F174998E2BA70ABD00A7078A /* LoginViewModel.swift */,
			);
			path = Login;
			sourceTree = "<group>";
		};
		F120110E2B9A9788002F0566 /* Fonts */ = {
			isa = PBXGroup;
			children = (
				F12011102B9A979B002F0566 /* MPLUS1p-Black.ttf */,
				F120110F2B9A979B002F0566 /* MPLUS1p-Medium.ttf */,
				F12011122B9A979C002F0566 /* MPLUS1p-Regular.ttf */,
			);
			path = Fonts;
			sourceTree = "<group>";
		};
		F17499902BA70C0400A7078A /* Splash */ = {
			isa = PBXGroup;
			children = (
				F17499912BA70C2A00A7078A /* SplashViewController.swift */,
				F17499932BA70E6200A7078A /* SplashView.swift */,
			);
			path = Splash;
			sourceTree = "<group>";
		};
		F17499952BAB44D300A7078A /* Entry */ = {
			isa = PBXGroup;
			children = (
				F17499962BAB450400A7078A /* EntryViewController.swift */,
				F17499982BAB91D900A7078A /* EntryView.swift */,
			);
			path = Entry;
			sourceTree = "<group>";
		};
		F18B162A2B9DD1B800575015 /* Registration */ = {
			isa = PBXGroup;
			children = (
				F18B162B2B9DD1E000575015 /* RegistrationViewController.swift */,
				F18B162D2B9DDE8300575015 /* RegistrationView.swift */,
				F18B163E2BA34C7000575015 /* RegistrationViewModel.swift */,
			);
			path = Registration;
			sourceTree = "<group>";
		};
		F18B162F2B9FE88000575015 /* Extra things */ = {
			isa = PBXGroup;
			children = (
				F174E22F2B9D07DA00C185B1 /* NotificationView.swift */,
				F18B16262B9DCA9900575015 /* SecurityButton.swift */,
			);
			path = "Extra things";
			sourceTree = "<group>";
		};
		F18B16302B9FE89D00575015 /* Email */ = {
			isa = PBXGroup;
			children = (
				F18B16322B9FE8ED00575015 /* EmailViewController.swift */,
				F18B16342B9FE90400575015 /* EmailView.swift */,
			);
			path = Email;
			sourceTree = "<group>";
		};
		F18B16362BA0BC7F00575015 /* NetworkLayer */ = {
			isa = PBXGroup;
			children = (
				F18B16372BA0BC8E00575015 /* NetworkLayer.swift */,
			);
			path = NetworkLayer;
			sourceTree = "<group>";
		};
		F18B16392BA0C5B000575015 /* Model */ = {
			isa = PBXGroup;
			children = (
				F18B163A2BA0C5BB00575015 /* RegistrationModel.swift */,
				F18B163C2BA0C63700575015 /* AuthenticationResponse.swift */,
				F16DFE002BA5D09900C7EC55 /* LoginModel.swift */,
			);
			path = Model;
			sourceTree = "<group>";
		};
/* End PBXGroup section */

/* Begin PBXNativeTarget section */
		F12010ED2B9A2417002F0566 /* Neobis_iOS_Auth */ = {
			isa = PBXNativeTarget;
			buildConfigurationList = F12011022B9A2418002F0566 /* Build configuration list for PBXNativeTarget "Neobis_iOS_Auth" */;
			buildPhases = (
				F12010EA2B9A2417002F0566 /* Sources */,
				F12010EB2B9A2417002F0566 /* Frameworks */,
				F12010EC2B9A2417002F0566 /* Resources */,
			);
			buildRules = (
			);
			dependencies = (
			);
			name = Neobis_iOS_Auth;
			packageProductDependencies = (
				F120110A2B9A6A24002F0566 /* SnapKit */,
				F120110C2B9A6A24002F0566 /* SnapKit-Dynamic */,
			);
			productName = Neobis_iOS_Auth;
			productReference = F12010EE2B9A2417002F0566 /* Neobis_iOS_Auth.app */;
			productType = "com.apple.product-type.application";
		};
/* End PBXNativeTarget section */

/* Begin PBXProject section */
		F12010E62B9A2417002F0566 /* Project object */ = {
			isa = PBXProject;
			attributes = {
				BuildIndependentTargetsInParallel = 1;
				LastSwiftUpdateCheck = 1520;
				LastUpgradeCheck = 1520;
				TargetAttributes = {
					F12010ED2B9A2417002F0566 = {
						CreatedOnToolsVersion = 15.2;
					};
				};
			};
			buildConfigurationList = F12010E92B9A2417002F0566 /* Build configuration list for PBXProject "Neobis_iOS_Auth" */;
			compatibilityVersion = "Xcode 14.0";
			developmentRegion = en;
			hasScannedForEncodings = 0;
			knownRegions = (
				en,
				Base,
			);
			mainGroup = F12010E52B9A2417002F0566;
			packageReferences = (
				F12011092B9A6A24002F0566 /* XCRemoteSwiftPackageReference "SnapKit" */,
			);
			productRefGroup = F12010EF2B9A2417002F0566 /* Products */;
			projectDirPath = "";
			projectRoot = "";
			targets = (
				F12010ED2B9A2417002F0566 /* Neobis_iOS_Auth */,
			);
		};
/* End PBXProject section */

/* Begin PBXResourcesBuildPhase section */
		F12010EC2B9A2417002F0566 /* Resources */ = {
			isa = PBXResourcesBuildPhase;
			buildActionMask = 2147483647;
			files = (
				F12010FE2B9A2418002F0566 /* LaunchScreen.storyboard in Resources */,
				F12011192B9A979C002F0566 /* MPLUS1p-Regular.ttf in Resources */,
				F12011172B9A979C002F0566 /* MPLUS1p-Black.ttf in Resources */,
				F12010FB2B9A2418002F0566 /* Assets.xcassets in Resources */,
				F12011162B9A979C002F0566 /* MPLUS1p-Medium.ttf in Resources */,
			);
			runOnlyForDeploymentPostprocessing = 0;
		};
/* End PBXResourcesBuildPhase section */

/* Begin PBXSourcesBuildPhase section */
		F12010EA2B9A2417002F0566 /* Sources */ = {
			isa = PBXSourcesBuildPhase;
			buildActionMask = 2147483647;
			files = (
				F12010F62B9A2417002F0566 /* LoginViewController.swift in Sources */,
				F18B163B2BA0C5BB00575015 /* RegistrationModel.swift in Sources */,
				F18B16332B9FE8ED00575015 /* EmailViewController.swift in Sources */,
				F17499922BA70C2A00A7078A /* SplashViewController.swift in Sources */,
				F17499942BA70E6200A7078A /* SplashView.swift in Sources */,
				F18B163F2BA34C7000575015 /* RegistrationViewModel.swift in Sources */,
				F17499972BAB450400A7078A /* EntryViewController.swift in Sources */,
				F17499992BAB91D900A7078A /* EntryView.swift in Sources */,
				F12010F22B9A2417002F0566 /* AppDelegate.swift in Sources */,
				F174998F2BA70ABD00A7078A /* LoginViewModel.swift in Sources */,
				F12011082B9A58CF002F0566 /* LoginView.swift in Sources */,
				F18B16272B9DCA9900575015 /* SecurityButton.swift in Sources */,
				F18B16382BA0BC8E00575015 /* NetworkLayer.swift in Sources */,
				F18B162C2B9DD1E000575015 /* RegistrationViewController.swift in Sources */,
				F12010F42B9A2417002F0566 /* SceneDelegate.swift in Sources */,
				F16DFE012BA5D09900C7EC55 /* LoginModel.swift in Sources */,
				F174E2302B9D07DA00C185B1 /* NotificationView.swift in Sources */,
				F18B162E2B9DDE8300575015 /* RegistrationView.swift in Sources */,
				F18B16352B9FE90400575015 /* EmailView.swift in Sources */,
				F18B163D2BA0C63700575015 /* AuthenticationResponse.swift in Sources */,
			);
			runOnlyForDeploymentPostprocessing = 0;
		};
/* End PBXSourcesBuildPhase section */

/* Begin PBXVariantGroup section */
		F12010FC2B9A2418002F0566 /* LaunchScreen.storyboard */ = {
			isa = PBXVariantGroup;
			children = (
				F12010FD2B9A2418002F0566 /* Base */,
			);
			name = LaunchScreen.storyboard;
			sourceTree = "<group>";
		};
/* End PBXVariantGroup section */

/* Begin XCBuildConfiguration section */
		F12011002B9A2418002F0566 /* Debug */ = {
			isa = XCBuildConfiguration;
			buildSettings = {
				ALWAYS_SEARCH_USER_PATHS = NO;
				ASSETCATALOG_COMPILER_GENERATE_SWIFT_ASSET_SYMBOL_EXTENSIONS = YES;
				CLANG_ANALYZER_NONNULL = YES;
				CLANG_ANALYZER_NUMBER_OBJECT_CONVERSION = YES_AGGRESSIVE;
				CLANG_CXX_LANGUAGE_STANDARD = "gnu++20";
				CLANG_ENABLE_MODULES = YES;
				CLANG_ENABLE_OBJC_ARC = YES;
				CLANG_ENABLE_OBJC_WEAK = YES;
				CLANG_WARN_BLOCK_CAPTURE_AUTORELEASING = YES;
				CLANG_WARN_BOOL_CONVERSION = YES;
				CLANG_WARN_COMMA = YES;
				CLANG_WARN_CONSTANT_CONVERSION = YES;
				CLANG_WARN_DEPRECATED_OBJC_IMPLEMENTATIONS = YES;
				CLANG_WARN_DIRECT_OBJC_ISA_USAGE = YES_ERROR;
				CLANG_WARN_DOCUMENTATION_COMMENTS = YES;
				CLANG_WARN_EMPTY_BODY = YES;
				CLANG_WARN_ENUM_CONVERSION = YES;
				CLANG_WARN_INFINITE_RECURSION = YES;
				CLANG_WARN_INT_CONVERSION = YES;
				CLANG_WARN_NON_LITERAL_NULL_CONVERSION = YES;
				CLANG_WARN_OBJC_IMPLICIT_RETAIN_SELF = YES;
				CLANG_WARN_OBJC_LITERAL_CONVERSION = YES;
				CLANG_WARN_OBJC_ROOT_CLASS = YES_ERROR;
				CLANG_WARN_QUOTED_INCLUDE_IN_FRAMEWORK_HEADER = YES;
				CLANG_WARN_RANGE_LOOP_ANALYSIS = YES;
				CLANG_WARN_STRICT_PROTOTYPES = YES;
				CLANG_WARN_SUSPICIOUS_MOVE = YES;
				CLANG_WARN_UNGUARDED_AVAILABILITY = YES_AGGRESSIVE;
				CLANG_WARN_UNREACHABLE_CODE = YES;
				CLANG_WARN__DUPLICATE_METHOD_MATCH = YES;
				COPY_PHASE_STRIP = NO;
				DEBUG_INFORMATION_FORMAT = dwarf;
				ENABLE_STRICT_OBJC_MSGSEND = YES;
				ENABLE_TESTABILITY = YES;
				ENABLE_USER_SCRIPT_SANDBOXING = YES;
				GCC_C_LANGUAGE_STANDARD = gnu17;
				GCC_DYNAMIC_NO_PIC = NO;
				GCC_NO_COMMON_BLOCKS = YES;
				GCC_OPTIMIZATION_LEVEL = 0;
				GCC_PREPROCESSOR_DEFINITIONS = (
					"DEBUG=1",
					"$(inherited)",
				);
				GCC_WARN_64_TO_32_BIT_CONVERSION = YES;
				GCC_WARN_ABOUT_RETURN_TYPE = YES_ERROR;
				GCC_WARN_UNDECLARED_SELECTOR = YES;
				GCC_WARN_UNINITIALIZED_AUTOS = YES_AGGRESSIVE;
				GCC_WARN_UNUSED_FUNCTION = YES;
				GCC_WARN_UNUSED_VARIABLE = YES;
				IPHONEOS_DEPLOYMENT_TARGET = 17.2;
				LOCALIZATION_PREFERS_STRING_CATALOGS = YES;
				MTL_ENABLE_DEBUG_INFO = INCLUDE_SOURCE;
				MTL_FAST_MATH = YES;
				ONLY_ACTIVE_ARCH = YES;
				SDKROOT = iphoneos;
				SWIFT_ACTIVE_COMPILATION_CONDITIONS = "DEBUG $(inherited)";
				SWIFT_OPTIMIZATION_LEVEL = "-Onone";
			};
			name = Debug;
		};
		F12011012B9A2418002F0566 /* Release */ = {
			isa = XCBuildConfiguration;
			buildSettings = {
				ALWAYS_SEARCH_USER_PATHS = NO;
				ASSETCATALOG_COMPILER_GENERATE_SWIFT_ASSET_SYMBOL_EXTENSIONS = YES;
				CLANG_ANALYZER_NONNULL = YES;
				CLANG_ANALYZER_NUMBER_OBJECT_CONVERSION = YES_AGGRESSIVE;
				CLANG_CXX_LANGUAGE_STANDARD = "gnu++20";
				CLANG_ENABLE_MODULES = YES;
				CLANG_ENABLE_OBJC_ARC = YES;
				CLANG_ENABLE_OBJC_WEAK = YES;
				CLANG_WARN_BLOCK_CAPTURE_AUTORELEASING = YES;
				CLANG_WARN_BOOL_CONVERSION = YES;
				CLANG_WARN_COMMA = YES;
				CLANG_WARN_CONSTANT_CONVERSION = YES;
				CLANG_WARN_DEPRECATED_OBJC_IMPLEMENTATIONS = YES;
				CLANG_WARN_DIRECT_OBJC_ISA_USAGE = YES_ERROR;
				CLANG_WARN_DOCUMENTATION_COMMENTS = YES;
				CLANG_WARN_EMPTY_BODY = YES;
				CLANG_WARN_ENUM_CONVERSION = YES;
				CLANG_WARN_INFINITE_RECURSION = YES;
				CLANG_WARN_INT_CONVERSION = YES;
				CLANG_WARN_NON_LITERAL_NULL_CONVERSION = YES;
				CLANG_WARN_OBJC_IMPLICIT_RETAIN_SELF = YES;
				CLANG_WARN_OBJC_LITERAL_CONVERSION = YES;
				CLANG_WARN_OBJC_ROOT_CLASS = YES_ERROR;
				CLANG_WARN_QUOTED_INCLUDE_IN_FRAMEWORK_HEADER = YES;
				CLANG_WARN_RANGE_LOOP_ANALYSIS = YES;
				CLANG_WARN_STRICT_PROTOTYPES = YES;
				CLANG_WARN_SUSPICIOUS_MOVE = YES;
				CLANG_WARN_UNGUARDED_AVAILABILITY = YES_AGGRESSIVE;
				CLANG_WARN_UNREACHABLE_CODE = YES;
				CLANG_WARN__DUPLICATE_METHOD_MATCH = YES;
				COPY_PHASE_STRIP = NO;
				DEBUG_INFORMATION_FORMAT = "dwarf-with-dsym";
				ENABLE_NS_ASSERTIONS = NO;
				ENABLE_STRICT_OBJC_MSGSEND = YES;
				ENABLE_USER_SCRIPT_SANDBOXING = YES;
				GCC_C_LANGUAGE_STANDARD = gnu17;
				GCC_NO_COMMON_BLOCKS = YES;
				GCC_WARN_64_TO_32_BIT_CONVERSION = YES;
				GCC_WARN_ABOUT_RETURN_TYPE = YES_ERROR;
				GCC_WARN_UNDECLARED_SELECTOR = YES;
				GCC_WARN_UNINITIALIZED_AUTOS = YES_AGGRESSIVE;
				GCC_WARN_UNUSED_FUNCTION = YES;
				GCC_WARN_UNUSED_VARIABLE = YES;
				IPHONEOS_DEPLOYMENT_TARGET = 17.2;
				LOCALIZATION_PREFERS_STRING_CATALOGS = YES;
				MTL_ENABLE_DEBUG_INFO = NO;
				MTL_FAST_MATH = YES;
				SDKROOT = iphoneos;
				SWIFT_COMPILATION_MODE = wholemodule;
				VALIDATE_PRODUCT = YES;
			};
			name = Release;
		};
		F12011032B9A2418002F0566 /* Debug */ = {
			isa = XCBuildConfiguration;
			buildSettings = {
				ASSETCATALOG_COMPILER_APPICON_NAME = AppIcon;
				ASSETCATALOG_COMPILER_GLOBAL_ACCENT_COLOR_NAME = AccentColor;
				CODE_SIGN_STYLE = Automatic;
				CURRENT_PROJECT_VERSION = 1;
				DEVELOPMENT_TEAM = S384TNP4Y3;
				GENERATE_INFOPLIST_FILE = YES;
				INFOPLIST_FILE = Neobis_iOS_Auth/Info.plist;
				INFOPLIST_KEY_UIApplicationSupportsIndirectInputEvents = YES;
				INFOPLIST_KEY_UILaunchStoryboardName = LaunchScreen;
				INFOPLIST_KEY_UISupportedInterfaceOrientations_iPad = "UIInterfaceOrientationPortrait UIInterfaceOrientationPortraitUpsideDown UIInterfaceOrientationLandscapeLeft UIInterfaceOrientationLandscapeRight";
				INFOPLIST_KEY_UISupportedInterfaceOrientations_iPhone = "UIInterfaceOrientationPortrait UIInterfaceOrientationLandscapeLeft UIInterfaceOrientationLandscapeRight";
				LD_RUNPATH_SEARCH_PATHS = (
					"$(inherited)",
					"@executable_path/Frameworks",
				);
				MARKETING_VERSION = 1.0;
				PRODUCT_BUNDLE_IDENTIFIER = "com.IgorPachkin.Neobis-iOS-Auth";
				PRODUCT_NAME = "$(TARGET_NAME)";
				SWIFT_EMIT_LOC_STRINGS = YES;
				SWIFT_VERSION = 5.0;
				TARGETED_DEVICE_FAMILY = "1,2";
			};
			name = Debug;
		};
		F12011042B9A2418002F0566 /* Release */ = {
			isa = XCBuildConfiguration;
			buildSettings = {
				ASSETCATALOG_COMPILER_APPICON_NAME = AppIcon;
				ASSETCATALOG_COMPILER_GLOBAL_ACCENT_COLOR_NAME = AccentColor;
				CODE_SIGN_STYLE = Automatic;
				CURRENT_PROJECT_VERSION = 1;
				DEVELOPMENT_TEAM = S384TNP4Y3;
				GENERATE_INFOPLIST_FILE = YES;
				INFOPLIST_FILE = Neobis_iOS_Auth/Info.plist;
				INFOPLIST_KEY_UIApplicationSupportsIndirectInputEvents = YES;
				INFOPLIST_KEY_UILaunchStoryboardName = LaunchScreen;
				INFOPLIST_KEY_UISupportedInterfaceOrientations_iPad = "UIInterfaceOrientationPortrait UIInterfaceOrientationPortraitUpsideDown UIInterfaceOrientationLandscapeLeft UIInterfaceOrientationLandscapeRight";
				INFOPLIST_KEY_UISupportedInterfaceOrientations_iPhone = "UIInterfaceOrientationPortrait UIInterfaceOrientationLandscapeLeft UIInterfaceOrientationLandscapeRight";
				LD_RUNPATH_SEARCH_PATHS = (
					"$(inherited)",
					"@executable_path/Frameworks",
				);
				MARKETING_VERSION = 1.0;
				PRODUCT_BUNDLE_IDENTIFIER = "com.IgorPachkin.Neobis-iOS-Auth";
				PRODUCT_NAME = "$(TARGET_NAME)";
				SWIFT_EMIT_LOC_STRINGS = YES;
				SWIFT_VERSION = 5.0;
				TARGETED_DEVICE_FAMILY = "1,2";
			};
			name = Release;
		};
/* End XCBuildConfiguration section */

/* Begin XCConfigurationList section */
		F12010E92B9A2417002F0566 /* Build configuration list for PBXProject "Neobis_iOS_Auth" */ = {
			isa = XCConfigurationList;
			buildConfigurations = (
				F12011002B9A2418002F0566 /* Debug */,
				F12011012B9A2418002F0566 /* Release */,
			);
			defaultConfigurationIsVisible = 0;
			defaultConfigurationName = Release;
		};
		F12011022B9A2418002F0566 /* Build configuration list for PBXNativeTarget "Neobis_iOS_Auth" */ = {
			isa = XCConfigurationList;
			buildConfigurations = (
				F12011032B9A2418002F0566 /* Debug */,
				F12011042B9A2418002F0566 /* Release */,
			);
			defaultConfigurationIsVisible = 0;
			defaultConfigurationName = Release;
		};
/* End XCConfigurationList section */

/* Begin XCRemoteSwiftPackageReference section */
		F12011092B9A6A24002F0566 /* XCRemoteSwiftPackageReference "SnapKit" */ = {
			isa = XCRemoteSwiftPackageReference;
			repositoryURL = "https://github.com/SnapKit/SnapKit";
			requirement = {
				kind = upToNextMajorVersion;
				minimumVersion = 5.7.1;
			};
		};
/* End XCRemoteSwiftPackageReference section */

/* Begin XCSwiftPackageProductDependency section */
		F120110A2B9A6A24002F0566 /* SnapKit */ = {
			isa = XCSwiftPackageProductDependency;
			package = F12011092B9A6A24002F0566 /* XCRemoteSwiftPackageReference "SnapKit" */;
			productName = SnapKit;
		};
		F120110C2B9A6A24002F0566 /* SnapKit-Dynamic */ = {
			isa = XCSwiftPackageProductDependency;
			package = F12011092B9A6A24002F0566 /* XCRemoteSwiftPackageReference "SnapKit" */;
			productName = "SnapKit-Dynamic";
		};
/* End XCSwiftPackageProductDependency section */
	};
	rootObject = F12010E62B9A2417002F0566 /* Project object */;
}
